
Microsoft Visual Studio Solution File, Format Version 12.00
# Visual Studio Version 17
VisualStudioVersion = 17.3.32825.248
MinimumVisualStudioVersion = 10.0.40219.1
Project("{9A19103F-16F7-4668-BE54-9A1E7A4F7556}") = "MvcCoreExample", "MvcCoreExample\MvcCoreExample.csproj", "{0C748894-EF38-4A2E-9BE0-B14BCD831B0D}"
EndProject
Project("{9A19103F-16F7-4668-BE54-9A1E7A4F7556}") = "EmployeeCoreApplication", "EmployeeCoreApplication\EmployeeCoreApplication.csproj", "{3062688A-E1EC-41DE-9375-0C3B5B15A93B}"
EndProject
Project("{FAE04EC0-301F-11D3-BF4B-00C04F79EFBC}") = "EmployeeApi", "EmployeeApi\EmployeeApi.csproj", "{44A53593-F39B-4FAA-AF60-CF8628ED745D}"
EndProject
Global
	GlobalSection(SolutionConfigurationPlatforms) = preSolution
		Debug|Any CPU = Debug|Any CPU
		Release|Any CPU = Release|Any CPU
	EndGlobalSection
	GlobalSection(ProjectConfigurationPlatforms) = postSolution
		{0C748894-EF38-4A2E-9BE0-B14BCD831B0D}.Debug|Any CPU.ActiveCfg = Debug|Any CPU
		{0C748894-EF38-4A2E-9BE0-B14BCD831B0D}.Debug|Any CPU.Build.0 = Debug|Any CPU
		{0C748894-EF38-4A2E-9BE0-B14BCD831B0D}.Release|Any CPU.ActiveCfg = Release|Any CPU
		{0C748894-EF38-4A2E-9BE0-B14BCD831B0D}.Release|Any CPU.Build.0 = Release|Any CPU
		{3062688A-E1EC-41DE-9375-0C3B5B15A93B}.Debug|Any CPU.ActiveCfg = Debug|Any CPU
		{3062688A-E1EC-41DE-9375-0C3B5B15A93B}.Debug|Any CPU.Build.0 = Debug|Any CPU
		{3062688A-E1EC-41DE-9375-0C3B5B15A93B}.Release|Any CPU.ActiveCfg = Release|Any CPU
		{3062688A-E1EC-41DE-9375-0C3B5B15A93B}.Release|Any CPU.Build.0 = Release|Any CPU
		{44A53593-F39B-4FAA-AF60-CF8628ED745D}.Debug|Any CPU.ActiveCfg = Debug|Any CPU
		{44A53593-F39B-4FAA-AF60-CF8628ED745D}.Debug|Any CPU.Build.0 = Debug|Any CPU
		{44A53593-F39B-4FAA-AF60-CF8628ED745D}.Release|Any CPU.ActiveCfg = Release|Any CPU
		{44A53593-F39B-4FAA-AF60-CF8628ED745D}.Release|Any CPU.Build.0 = Release|Any CPU
	EndGlobalSection
	GlobalSection(SolutionProperties) = preSolution
		HideSolutionNode = FALSE
	EndGlobalSection
	GlobalSection(ExtensibilityGlobals) = postSolution
		SolutionGuid = {5C0EC8B5-4B9A-4556-BE28-DFBE68B0CA49}
	EndGlobalSection
EndGlobal
